
Microsoft Visual Studio Solution File, Format Version 12.00
# Visual Studio 2015
Project("{FAE04EC0-301F-11D3-BF4B-00C04F79EFBC}") = "Septem Peccata.CSharp.Plugins", "Septem Peccata.CSharp.Plugins.csproj", "{EA2BC55B-2F91-D3B4-0D5F-8EBB20FF1426}"
EndProject
Project("{FAE04EC0-301F-11D3-BF4B-00C04F79EFBC}") = "Septem Peccata.CSharp", "Septem Peccata.CSharp.csproj", "{B194B772-A0F7-AFA9-2240-478C36DD4EB5}"
EndProject
Project("{FAE04EC0-301F-11D3-BF4B-00C04F79EFBC}") = "Septem Peccata.CSharp.Editor.Plugins", "Septem Peccata.CSharp.Editor.Plugins.csproj", "{0FBDFD19-4199-EC0F-2D6C-0E0B97ECE065}"
EndProject
Project("{FAE04EC0-301F-11D3-BF4B-00C04F79EFBC}") = "Septem Peccata.CSharp.Editor", "Septem Peccata.CSharp.Editor.csproj", "{AEC3281B-5098-2E37-2376-344FC780244F}"
EndProject
Global
	GlobalSection(SolutionConfigurationPlatforms) = preSolution
		Debug|Any CPU = Debug|Any CPU
		Release|Any CPU = Release|Any CPU
	EndGlobalSection
	GlobalSection(ProjectConfigurationPlatforms) = postSolution
		{EA2BC55B-2F91-D3B4-0D5F-8EBB20FF1426}.Debug|Any CPU.ActiveCfg = Debug|Any CPU
		{EA2BC55B-2F91-D3B4-0D5F-8EBB20FF1426}.Debug|Any CPU.Build.0 = Debug|Any CPU
		{EA2BC55B-2F91-D3B4-0D5F-8EBB20FF1426}.Release|Any CPU.ActiveCfg = Release|Any CPU
		{EA2BC55B-2F91-D3B4-0D5F-8EBB20FF1426}.Release|Any CPU.Build.0 = Release|Any CPU
		{B194B772-A0F7-AFA9-2240-478C36DD4EB5}.Debug|Any CPU.ActiveCfg = Debug|Any CPU
		{B194B772-A0F7-AFA9-2240-478C36DD4EB5}.Debug|Any CPU.Build.0 = Debug|Any CPU
		{B194B772-A0F7-AFA9-2240-478C36DD4EB5}.Release|Any CPU.ActiveCfg = Release|Any CPU
		{B194B772-A0F7-AFA9-2240-478C36DD4EB5}.Release|Any CPU.Build.0 = Release|Any CPU
		{0FBDFD19-4199-EC0F-2D6C-0E0B97ECE065}.Debug|Any CPU.ActiveCfg = Debug|Any CPU
		{0FBDFD19-4199-EC0F-2D6C-0E0B97ECE065}.Debug|Any CPU.Build.0 = Debug|Any CPU
		{0FBDFD19-4199-EC0F-2D6C-0E0B97ECE065}.Release|Any CPU.ActiveCfg = Release|Any CPU
		{0FBDFD19-4199-EC0F-2D6C-0E0B97ECE065}.Release|Any CPU.Build.0 = Release|Any CPU
		{AEC3281B-5098-2E37-2376-344FC780244F}.Debug|Any CPU.ActiveCfg = Debug|Any CPU
		{AEC3281B-5098-2E37-2376-344FC780244F}.Debug|Any CPU.Build.0 = Debug|Any CPU
		{AEC3281B-5098-2E37-2376-344FC780244F}.Release|Any CPU.ActiveCfg = Release|Any CPU
		{AEC3281B-5098-2E37-2376-344FC780244F}.Release|Any CPU.Build.0 = Release|Any CPU
	EndGlobalSection
	GlobalSection(SolutionProperties) = preSolution
		HideSolutionNode = FALSE
	EndGlobalSection
EndGlobal
